
Microsoft Visual Studio Solution File, Format Version 12.00
# Visual Studio 2012
Project("{FAE04EC0-301F-11D3-BF4B-00C04F79EFBC}") = "CSharpSocket", "CSharpSocket\CSharpSocket.csproj", "{F6BB2E54-FDD8-46A6-A0A9-3B3876B837C3}"
EndProject
Global
	GlobalSection(SolutionConfigurationPlatforms) = preSolution
		Debug|x86 = Debug|x86
		Release|x86 = Release|x86
	EndGlobalSection
	GlobalSection(ProjectConfigurationPlatforms) = postSolution
		{F6BB2E54-FDD8-46A6-A0A9-3B3876B837C3}.Debug|x86.ActiveCfg = Debug|x86
		{F6BB2E54-FDD8-46A6-A0A9-3B3876B837C3}.Debug|x86.Build.0 = Debug|x86
		{F6BB2E54-FDD8-46A6-A0A9-3B3876B837C3}.Release|x86.ActiveCfg = Release|x86
		{F6BB2E54-FDD8-46A6-A0A9-3B3876B837C3}.Release|x86.Build.0 = Release|x86
	EndGlobalSection
EndGlobal
